// !$*UTF8*$!
{
	archiveVersion = 1;
	classes = {
	};
	objectVersion = 46;
	objects = {

/* Begin PBXBuildFile section */
		F5CCFDAC1D38B3A2005D8972 /* main.m in Sources */ = {isa = PBXBuildFile; fileRef = F5CCFDAB1D38B3A2005D8972 /* main.m */; };
		F5CCFDAF1D38B3A2005D8972 /* AppDelegate.m in Sources */ = {isa = PBXBuildFile; fileRef = F5CCFDAE1D38B3A2005D8972 /* AppDelegate.m */; };
		F5CCFDB21D38B3A2005D8972 /* ViewController.m in Sources */ = {isa = PBXBuildFile; fileRef = F5CCFDB11D38B3A2005D8972 /* ViewController.m */; };
		F5CCFDB51D38B3A2005D8972 /* Main.storyboard in Resources */ = {isa = PBXBuildFile; fileRef = F5CCFDB31D38B3A2005D8972 /* Main.storyboard */; };
		F5CCFDB71D38B3A2005D8972 /* Assets.xcassets in Resources */ = {isa = PBXBuildFile; fileRef = F5CCFDB61D38B3A2005D8972 /* Assets.xcassets */; };
		F5CCFDBA1D38B3A2005D8972 /* LaunchScreen.storyboard in Resources */ = {isa = PBXBuildFile; fileRef = F5CCFDB81D38B3A2005D8972 /* LaunchScreen.storyboard */; };
		F5CCFDC41D38B3D6005D8972 /* YWImageRightButton.m in Sources */ = {isa = PBXBuildFile; fileRef = F5CCFDC31D38B3D6005D8972 /* YWImageRightButton.m */; };
		F5CCFDC71D38B4C0005D8972 /* filter_yes@2x.png in Resources */ = {isa = PBXBuildFile; fileRef = F5CCFDC51D38B4C0005D8972 /* filter_yes@2x.png */; };
		F5CCFDC81D38B4C0005D8972 /* filter_yes@3x.png in Resources */ = {isa = PBXBuildFile; fileRef = F5CCFDC61D38B4C0005D8972 /* filter_yes@3x.png */; };
/* End PBXBuildFile section */

/* Begin PBXFileReference section */
		F5CCFDA71D38B3A2005D8972 /* YWImageRightButtonDemo.app */ = {isa = PBXFileReference; explicitFileType = wrapper.application; includeInIndex = 0; path = YWImageRightButtonDemo.app; sourceTree = BUILT_PRODUCTS_DIR; };
		F5CCFDAB1D38B3A2005D8972 /* main.m */ = {isa = PBXFileReference; lastKnownFileType = sourcecode.c.objc; path = main.m; sourceTree = "<group>"; };
		F5CCFDAD1D38B3A2005D8972 /* AppDelegate.h */ = {isa = PBXFileReference; lastKnownFileType = sourcecode.c.h; path = AppDelegate.h; sourceTree = "<group>"; };
		F5CCFDAE1D38B3A2005D8972 /* AppDelegate.m */ = {isa = PBXFileReference; lastKnownFileType = sourcecode.c.objc; path = AppDelegate.m; sourceTree = "<group>"; };
		F5CCFDB01D38B3A2005D8972 /* ViewController.h */ = {isa = PBXFileReference; lastKnownFileType = sourcecode.c.h; path = ViewController.h; sourceTree = "<group>"; };
		F5CCFDB11D38B3A2005D8972 /* ViewController.m */ = {isa = PBXFileReference; lastKnownFileType = sourcecode.c.objc; path = ViewController.m; sourceTree = "<group>"; };
		F5CCFDB41D38B3A2005D8972 /* Base */ = {isa = PBXFileReference; lastKnownFileType = file.storyboard; name = Base; path = Base.lproj/Main.storyboard; sourceTree = "<group>"; };
		F5CCFDB61D38B3A2005D8972 /* Assets.xcassets */ = {isa = PBXFileReference; lastKnownFileType = folder.assetcatalog; path = Assets.xcassets; sourceTree = "<group>"; };
		F5CCFDB91D38B3A2005D8972 /* Base */ = {isa = PBXFileReference; lastKnownFileType = file.storyboard; name = Base; path = Base.lproj/LaunchScreen.storyboard; sourceTree = "<group>"; };
		F5CCFDBB1D38B3A2005D8972 /* Info.plist */ = {isa = PBXFileReference; lastKnownFileType = text.plist.xml; path = Info.plist; sourceTree = "<group>"; };
		F5CCFDC21D38B3D6005D8972 /* YWImageRightButton.h */ = {isa = PBXFileReference; fileEncoding = 4; lastKnownFileType = sourcecode.c.h; path = YWImageRightButton.h; sourceTree = "<group>"; };
		F5CCFDC31D38B3D6005D8972 /* YWImageRightButton.m */ = {isa = PBXFileReference; fileEncoding = 4; lastKnownFileType = sourcecode.c.objc; path = YWImageRightButton.m; sourceTree = "<group>"; };
		F5CCFDC51D38B4C0005D8972 /* filter_yes@2x.png */ = {isa = PBXFileReference; lastKnownFileType = image.png; path = "filter_yes@2x.png"; sourceTree = "<group>"; };
		F5CCFDC61D38B4C0005D8972 /* filter_yes@3x.png */ = {isa = PBXFileReference; lastKnownFileType = image.png; path = "filter_yes@3x.png"; sourceTree = "<group>"; };
/* End PBXFileReference section */

/* Begin PBXFrameworksBuildPhase section */
		F5CCFDA41D38B3A2005D8972 /* Frameworks */ = {
			isa = PBXFrameworksBuildPhase;
			buildActionMask = 2147483647;
			files = (
			);
			runOnlyForDeploymentPostprocessing = 0;
		};
/* End PBXFrameworksBuildPhase section */

/* Begin PBXGroup section */
		F5CCFD9E1D38B3A2005D8972 = {
			isa = PBXGroup;
			children = (
				F5CCFDA91D38B3A2005D8972 /* YWImageRightButtonDemo */,
				F5CCFDA81D38B3A2005D8972 /* Products */,
			);
			sourceTree = "<group>";
		};
		F5CCFDA81D38B3A2005D8972 /* Products */ = {
			isa = PBXGroup;
			children = (
				F5CCFDA71D38B3A2005D8972 /* YWImageRightButtonDemo.app */,
			);
			name = Products;
			sourceTree = "<group>";
		};
		F5CCFDA91D38B3A2005D8972 /* YWImageRightButtonDemo */ = {
			isa = PBXGroup;
			children = (
				F5CCFDC11D38B3C5005D8972 /* YWImageRightButton */,
				F5CCFDAD1D38B3A2005D8972 /* AppDelegate.h */,
				F5CCFDAE1D38B3A2005D8972 /* AppDelegate.m */,
				F5CCFDB01D38B3A2005D8972 /* ViewController.h */,
				F5CCFDB11D38B3A2005D8972 /* ViewController.m */,
				F5CCFDB31D38B3A2005D8972 /* Main.storyboard */,
				F5CCFDC51D38B4C0005D8972 /* filter_yes@2x.png */,
				F5CCFDC61D38B4C0005D8972 /* filter_yes@3x.png */,
				F5CCFDB61D38B3A2005D8972 /* Assets.xcassets */,
				F5CCFDB81D38B3A2005D8972 /* LaunchScreen.storyboard */,
				F5CCFDBB1D38B3A2005D8972 /* Info.plist */,
				F5CCFDAA1D38B3A2005D8972 /* Supporting Files */,
			);
			path = YWImageRightButtonDemo;
			sourceTree = "<group>";
		};
		F5CCFDAA1D38B3A2005D8972 /* Supporting Files */ = {
			isa = PBXGroup;
			children = (
				F5CCFDAB1D38B3A2005D8972 /* main.m */,
			);
			name = "Supporting Files";
			sourceTree = "<group>";
		};
		F5CCFDC11D38B3C5005D8972 /* YWImageRightButton */ = {
			isa = PBXGroup;
			children = (
				F5CCFDC21D38B3D6005D8972 /* YWImageRightButton.h */,
				F5CCFDC31D38B3D6005D8972 /* YWImageRightButton.m */,
			);
			path = YWImageRightButton;
			sourceTree = "<group>";
		};
/* End PBXGroup section */

/* Begin PBXNativeTarget section */
		F5CCFDA61D38B3A2005D8972 /* YWImageRightButtonDemo */ = {
			isa = PBXNativeTarget;
			buildConfigurationList = F5CCFDBE1D38B3A2005D8972 /* Build configuration list for PBXNativeTarget "YWImageRightButtonDemo" */;
			buildPhases = (
				F5CCFDA31D38B3A2005D8972 /* Sources */,
				F5CCFDA41D38B3A2005D8972 /* Frameworks */,
				F5CCFDA51D38B3A2005D8972 /* Resources */,
			);
			buildRules = (
			);
			dependencies = (
			);
			name = YWImageRightButtonDemo;
			productName = YWImageRightButtonDemo;
			productReference = F5CCFDA71D38B3A2005D8972 /* YWImageRightButtonDemo.app */;
			productType = "com.apple.product-type.application";
		};
/* End PBXNativeTarget section */

/* Begin PBXProject section */
		F5CCFD9F1D38B3A2005D8972 /* Project object */ = {
			isa = PBXProject;
			attributes = {
				LastUpgradeCheck = 0730;
				ORGANIZATIONNAME = DYL;
				TargetAttributes = {
					F5CCFDA61D38B3A2005D8972 = {
						CreatedOnToolsVersion = 7.3.1;
					};
				};
			};
			buildConfigurationList = F5CCFDA21D38B3A2005D8972 /* Build configuration list for PBXProject "YWImageRightButtonDemo" */;
			compatibilityVersion = "Xcode 3.2";
			developmentRegion = English;
			hasScannedForEncodings = 0;
			knownRegions = (
				en,
				Base,
			);
			mainGroup = F5CCFD9E1D38B3A2005D8972;
			productRefGroup = F5CCFDA81D38B3A2005D8972 /* Products */;
			projectDirPath = "";
			projectRoot = "";
			targets = (
				F5CCFDA61D38B3A2005D8972 /* YWImageRightButtonDemo */,
			);
		};
/* End PBXProject section */

/* Begin PBXResourcesBuildPhase section */
		F5CCFDA51D38B3A2005D8972 /* Resources */ = {
			isa = PBXResourcesBuildPhase;
			buildActionMask = 2147483647;
			files = (
				F5CCFDC71D38B4C0005D8972 /* filter_yes@2x.png in Resources */,
				F5CCFDBA1D38B3A2005D8972 /* LaunchScreen.storyboard in Resources */,
				F5CCFDB71D38B3A2005D8972 /* Assets.xcassets in Resources */,
				F5CCFDC81D38B4C0005D8972 /* filter_yes@3x.png in Resources */,
				F5CCFDB51D38B3A2005D8972 /* Main.storyboard in Resources */,
			);
			runOnlyForDeploymentPostprocessing = 0;
		};
/* End PBXResourcesBuildPhase section */

/* Begin PBXSourcesBuildPhase section */
		F5CCFDA31D38B3A2005D8972 /* Sources */ = {
			isa = PBXSourcesBuildPhase;
			buildActionMask = 2147483647;
			files = (
				F5CCFDC41D38B3D6005D8972 /* YWImageRightButton.m in Sources */,
				F5CCFDB21D38B3A2005D8972 /* ViewController.m in Sources */,
				F5CCFDAF1D38B3A2005D8972 /* AppDelegate.m in Sources */,
				F5CCFDAC1D38B3A2005D8972 /* main.m in Sources */,
			);
			runOnlyForDeploymentPostprocessing = 0;
		};
/* End PBXSourcesBuildPhase section */

/* Begin PBXVariantGroup section */
		F5CCFDB31D38B3A2005D8972 /* Main.storyboard */ = {
			isa = PBXVariantGroup;
			children = (
				F5CCFDB41D38B3A2005D8972 /* Base */,
			);
			name = Main.storyboard;
			sourceTree = "<group>";
		};
		F5CCFDB81D38B3A2005D8972 /* LaunchScreen.storyboard */ = {
			isa = PBXVariantGroup;
			children = (
				F5CCFDB91D38B3A2005D8972 /* Base */,
			);
			name = LaunchScreen.storyboard;
			sourceTree = "<group>";
		};
/* End PBXVariantGroup section */

/* Begin XCBuildConfiguration section */
		F5CCFDBC1D38B3A2005D8972 /* Debug */ = {
			isa = XCBuildConfiguration;
			buildSettings = {
				ALWAYS_SEARCH_USER_PATHS = NO;
				CLANG_ANALYZER_NONNULL = YES;
				CLANG_CXX_LANGUAGE_STANDARD = "gnu++0x";
				CLANG_CXX_LIBRARY = "libc++";
				CLANG_ENABLE_MODULES = YES;
				CLANG_ENABLE_OBJC_ARC = YES;
				CLANG_WARN_BOOL_CONVERSION = YES;
				CLANG_WARN_CONSTANT_CONVERSION = YES;
				CLANG_WARN_DIRECT_OBJC_ISA_USAGE = YES_ERROR;
				CLANG_WARN_EMPTY_BODY = YES;
				CLANG_WARN_ENUM_CONVERSION = YES;
				CLANG_WARN_INT_CONVERSION = YES;
				CLANG_WARN_OBJC_ROOT_CLASS = YES_ERROR;
				CLANG_WARN_UNREACHABLE_CODE = YES;
				CLANG_WARN__DUPLICATE_METHOD_MATCH = YES;
				"CODE_SIGN_IDENTITY[sdk=iphoneos*]" = "iPhone Developer";
				COPY_PHASE_STRIP = NO;
				DEBUG_INFORMATION_FORMAT = dwarf;
				ENABLE_STRICT_OBJC_MSGSEND = YES;
				ENABLE_TESTABILITY = YES;
				GCC_C_LANGUAGE_STANDARD = gnu99;
				GCC_DYNAMIC_NO_PIC = NO;
				GCC_NO_COMMON_BLOCKS = YES;
				GCC_OPTIMIZATION_LEVEL = 0;
				GCC_PREPROCESSOR_DEFINITIONS = (
					"DEBUG=1",
					"$(inherited)",
				);
				GCC_WARN_64_TO_32_BIT_CONVERSION = YES;
				GCC_WARN_ABOUT_RETURN_TYPE = YES_ERROR;
				GCC_WARN_UNDECLARED_SELECTOR = YES;
				GCC_WARN_UNINITIALIZED_AUTOS = YES_AGGRESSIVE;
				GCC_WARN_UNUSED_FUNCTION = YES;
				GCC_WARN_UNUSED_VARIABLE = YES;
				IPHONEOS_DEPLOYMENT_TARGET = 9.3;
				MTL_ENABLE_DEBUG_INFO = YES;
				ONLY_ACTIVE_ARCH = YES;
				SDKROOT = iphoneos;
				TARGETED_DEVICE_FAMILY = "1,2";
			};
			name = Debug;
		};
		F5CCFDBD1D38B3A2005D8972 /* Release */ = {
			isa = XCBuildConfiguration;
			buildSettings = {
				ALWAYS_SEARCH_USER_PATHS = NO;
				CLANG_ANALYZER_NONNULL = YES;
				CLANG_CXX_LANGUAGE_STANDARD = "gnu++0x";
				CLANG_CXX_LIBRARY = "libc++";
				CLANG_ENABLE_MODULES = YES;
				CLANG_ENABLE_OBJC_ARC = YES;
				CLANG_WARN_BOOL_CONVERSION = YES;
				CLANG_WARN_CONSTANT_CONVERSION = YES;
				CLANG_WARN_DIRECT_OBJC_ISA_USAGE = YES_ERROR;
				CLANG_WARN_EMPTY_BODY = YES;
				CLANG_WARN_ENUM_CONVERSION = YES;
				CLANG_WARN_INT_CONVERSION = YES;
				CLANG_WARN_OBJC_ROOT_CLASS = YES_ERROR;
				CLANG_WARN_UNREACHABLE_CODE = YES;
				CLANG_WARN__DUPLICATE_METHOD_MATCH = YES;
				"CODE_SIGN_IDENTITY[sdk=iphoneos*]" = "iPhone Developer";
				COPY_PHASE_STRIP = NO;
				DEBUG_INFORMATION_FORMAT = "dwarf-with-dsym";
				ENABLE_NS_ASSERTIONS = NO;
				ENABLE_STRICT_OBJC_MSGSEND = YES;
				GCC_C_LANGUAGE_STANDARD = gnu99;
				GCC_NO_COMMON_BLOCKS = YES;
				GCC_WARN_64_TO_32_BIT_CONVERSION = YES;
				GCC_WARN_ABOUT_RETURN_TYPE = YES_ERROR;
				GCC_WARN_UNDECLARED_SELECTOR = YES;
				GCC_WARN_UNINITIALIZED_AUTOS = YES_AGGRESSIVE;
				GCC_WARN_UNUSED_FUNCTION = YES;
				GCC_WARN_UNUSED_VARIABLE = YES;
				IPHONEOS_DEPLOYMENT_TARGET = 9.3;
				MTL_ENABLE_DEBUG_INFO = NO;
				SDKROOT = iphoneos;
				TARGETED_DEVICE_FAMILY = "1,2";
				VALIDATE_PRODUCT = YES;
			};
			name = Release;
		};
		F5CCFDBF1D38B3A2005D8972 /* Debug */ = {
			isa = XCBuildConfiguration;
			buildSettings = {
				ASSETCATALOG_COMPILER_APPICON_NAME = AppIcon;
				INFOPLIST_FILE = YWImageRightButtonDemo/Info.plist;
				LD_RUNPATH_SEARCH_PATHS = "$(inherited) @executable_path/Frameworks";
				PRODUCT_BUNDLE_IDENTIFIER = com.isftstone.YWImageRightButtonDemo;
				PRODUCT_NAME = "$(TARGET_NAME)";
			};
			name = Debug;
		};
		F5CCFDC01D38B3A2005D8972 /* Release */ = {
			isa = XCBuildConfiguration;
			buildSettings = {
				ASSETCATALOG_COMPILER_APPICON_NAME = AppIcon;
				INFOPLIST_FILE = YWImageRightButtonDemo/Info.plist;
				LD_RUNPATH_SEARCH_PATHS = "$(inherited) @executable_path/Frameworks";
				PRODUCT_BUNDLE_IDENTIFIER = com.isftstone.YWImageRightButtonDemo;
				PRODUCT_NAME = "$(TARGET_NAME)";
			};
			name = Release;
		};
/* End XCBuildConfiguration section */

/* Begin XCConfigurationList section */
		F5CCFDA21D38B3A2005D8972 /* Build configuration list for PBXProject "YWImageRightButtonDemo" */ = {
			isa = XCConfigurationList;
			buildConfigurations = (
				F5CCFDBC1D38B3A2005D8972 /* Debug */,
				F5CCFDBD1D38B3A2005D8972 /* Release */,
			);
			defaultConfigurationIsVisible = 0;
			defaultConfigurationName = Release;
		};
		F5CCFDBE1D38B3A2005D8972 /* Build configuration list for PBXNativeTarget "YWImageRightButtonDemo" */ = {
			isa = XCConfigurationList;
			buildConfigurations = (
				F5CCFDBF1D38B3A2005D8972 /* Debug */,
				F5CCFDC01D38B3A2005D8972 /* Release */,
			);
			defaultConfigurationIsVisible = 0;
		};
/* End XCConfigurationList section */
	};
	rootObject = F5CCFD9F1D38B3A2005D8972 /* Project object */;
}
